
Microsoft Visual Studio Solution File, Format Version 12.00
# Visual Studio Version 17
VisualStudioVersion = 17.5.33424.131
MinimumVisualStudioVersion = 10.0.40219.1
Project("{FAE04EC0-301F-11D3-BF4B-00C04F79EFBC}") = "LambdaExpressions", "LambdaExpressions.csproj", "{98A41165-B1A9-4F0F-BF40-8D335963CDB5}"
EndProject
Global
	GlobalSection(SolutionConfigurationPlatforms) = preSolution
		Debug|Any CPU = Debug|Any CPU
		Release|Any CPU = Release|Any CPU
	EndGlobalSection
	GlobalSection(ProjectConfigurationPlatforms) = postSolution
		{98A41165-B1A9-4F0F-BF40-8D335963CDB5}.Debug|Any CPU.ActiveCfg = Debug|Any CPU
		{98A41165-B1A9-4F0F-BF40-8D335963CDB5}.Debug|Any CPU.Build.0 = Debug|Any CPU
		{98A41165-B1A9-4F0F-BF40-8D335963CDB5}.Release|Any CPU.ActiveCfg = Release|Any CPU
		{98A41165-B1A9-4F0F-BF40-8D335963CDB5}.Release|Any CPU.Build.0 = Release|Any CPU
	EndGlobalSection
	GlobalSection(SolutionProperties) = preSolution
		HideSolutionNode = FALSE
	EndGlobalSection
	GlobalSection(ExtensibilityGlobals) = postSolution
		SolutionGuid = {C09D1A20-DDEB-4AEC-A7FA-89F3524BDBB2}
	EndGlobalSection
EndGlobal
